version = 1
revision = 3
requires-python = ">=3.12, <3.14"

[[package]]
name = "colorama"
version = "0.4.6"
source = { registry = "https://mirrors.aliyun.com/pypi/simple/" }
sdist = { url = "https://mirrors.aliyun.com/pypi/packages/d8/53/6f443c9a4a8358a93a6792e2acffb9d9d5cb0a5cfd8802644b7b1c9a02e4/colorama-0.4.6.tar.gz", hash = "sha256:08695f5cb7ed6e0531a20572697297273c47b8cae5a63ffc6d6ed5c201be6e44" }
wheels = [
    { url = "https://mirrors.aliyun.com/pypi/packages/d1/d6/3965ed04c63042e047cb6a3e6ed1a63a35087b6a609aa3a15ed8ac56c221/colorama-0.4.6-py2.py3-none-any.whl", hash = "sha256:4f1d9991f5acc0ca119f9d443620b77f9d6b33703e51011c16baf57afb285fc6" },
]

[[package]]
name = "grpcio"
version = "1.83.1"
source = { registry = "https://mirrors.aliyun.com/pypi/simple/" }
dependencies = [
    { name = "typing-extensions" },
]
sdist = { url = "https://mirrors.aliyun.com/pypi/packages/e2/b1/46539f5050d7c316a13396d185451f95084a74ddc68b12d818595bef0377/grpcio-1.83.1.tar.gz", hash = "sha256:9cee6fcbf2eb57c4b49451787bfa87be8efc1ca02a0b327dd4b54d44502e362b" }
wheels = [
    { url = "https://mirrors.aliyun.com/pypi/packages/85/9e/a3ba13e08bbee5bf6e57597dfe4823961fd7e94c0b8afe3a4bb7dca639f3/grpcio-1.83.1-cp312-cp312-linux_armv7l.whl", hash = "sha256:5acd14c6ddf047de62cbf8745b11103ea91abbf57d1b8edd5395ccd9fcd13abb" },
    { url = "https://mirrors.aliyun.com/pypi/packages/1c/ae/65ce56a2527faa17d02cba4c2231c74047ad898be339486ba87f093bfb66/grpcio-1.83.1-cp312-cp312-macosx_11_0_universal2.whl", hash = "sha256:16138031a47b771860a16a975b53087f4fd5bbdbb2c03a188c5d90ad65d2bdae" },
    { url = "https://mirrors.aliyun.com/pypi/packages/4e/91/40432480088a2243d360864de072ed5b78c4ebbaabd29c28918f1e1b1454/grpcio-1.83.1-cp312-cp312-manylinux2014_aarch64.manylinux_2_17_aarch64.whl", hash = "sha256:5ccc26715fd4defca5e129e280dd883b1737b65045ec50ffe22ce42104089519" },
    { url = "https://mirrors.aliyun.com/pypi/packages/c8/62/3da2300c8c79fd20a78a8a4bb6251e5068d9af33bc8fd389b98fec35e8a3/grpcio-1.83.1-cp312-cp312-manylinux2014_i686.manylinux_2_17_i686.whl", hash = "sha256:b74f2a1d9ab1dfa3e263ef33d581613679b78d0884babf11671af26e45570ead" },
    { url = "https://mirrors.aliyun.com/pypi/packages/bc/19/9fc702e31a631262d7a752fa699f6022821e707fefc8bff49b1550a57729/grpcio-1.83.1-cp312-cp312-manylinux2014_x86_64.manylinux_2_17_x86_64.whl", hash = "sha256:72578aa07a4008f17521ef52debcc3acfd1e2c5426243bc3ffb56a38bfe610b7" },
    { url = "https://mirrors.aliyun.com/pypi/packages/ec/56/95933cc44cba2429765fa065c951dd529e5771b119d9d2481b4646f1d6a5/grpcio-1.83.1-cp312-cp312-musllinux_1_2_aarch64.whl", hash = "sha256:c12e1fc59c6dc26d10d9144453ddc6cbfe4cd4c31e874ed2d0132f88e685eb8b" },
    { url = "https://mirrors.aliyun.com/pypi/packages/ac/80/af63359da06b016de48cb111f144703a10043850dafa43ae0a038907b9e8/grpcio-1.83.1-cp312-cp312-musllinux_1_2_i686.whl", hash = "sha256:4910b62f7d12197160bfb7de06d876d64dd12d43483e8292f98f49ca09b628d9" },
    { url = "https://mirrors.aliyun.com/pypi/packages/3d/fa/f0586c56bdfb8a7a2adda01e0ac2413447cde3141ab09411a5d5afdcffd3/grpcio-1.83.1-cp312-cp312-musllinux_1_2_x86_64.whl", hash = "sha256:9e703effe3ae779925c82ac24fdb82cf4105e1096810151ed9501c5f34546b9c" },
    { url = "https://mirrors.aliyun.com/pypi/packages/25/8a/14ec05669f9eb295801e26c2ea8c561a1b786b0e3557c2c22131165ab010/grpcio-1.83.1-cp312-cp312-win32.whl", hash = "sha256:a2aea8bd6e0a34f12cbaddb7bb70bec836818789fa5c7ab7572c6b745396a2d4" },
    { url = "https://mirrors.aliyun.com/pypi/packages/e9/37/8c2f7cc16089e36a3fbacaacc7a3d043912aa0d2dfae5556f6450414ea6e/grpcio-1.83.1-cp312-cp312-win_amd64.whl", hash = "sha256:583bf2e8255040a4a312f9572dfe62a05271437b149550e1a536d5c47d2d1e8a" },
    { url = "https://mirrors.aliyun.com/pypi/packages/7c/fd/d1fc58933bf88c9209f89dc570c810f1aa57cb04b3459cf2b26f61e32112/grpcio-1.83.1-cp313-cp313-linux_armv7l.whl", hash = "sha256:8d228e253b77865efcbdd7b5894ca882c9e0ea98c02b7d20582e61ded8dfd4b5" },
    { url = "https://mirrors.aliyun.com/pypi/packages/c4/49/0b40bae059c619505c9b751cee6caa208e4904e290aaefa1728c4c2c67a5/grpcio-1.83.1-cp313-cp313-macosx_11_0_universal2.whl", hash = "sha256:0468b627f2987c9a77f7580030207cbd85457ffe52998beff4f0b5c38c58a72c" },
    { url = "https://mirrors.aliyun.com/pypi/packages/61/4b/e8c0d635da0ee5ddd9950c8d540f5dcdd0ef1854a382cc55496a487a8d31/grpcio-1.83.1-cp313-cp313-manylinux2014_aarch64.manylinux_2_17_aarch64.whl", hash = "sha256:a6a282e81530cead60bbd752cc04950a57f224379e9821495d6a35bd5ce9b1f4" },
    { url = "https://mirrors.aliyun.com/pypi/packages/c5/d4/760a33f339a7dd3d5f4b3e0e9bec5472d95592a80f887b2e9dab4e41cfbc/grpcio-1.83.1-cp313-cp313-manylinux2014_i686.manylinux_2_17_i686.whl", hash = "sha256:947d945f52e8ecf3cafd2bb7113502a16ccfda3e12c854443094de32d83ad432" },
    { url = "https://mirrors.aliyun.com/pypi/packages/54/ec/bd798654b06fb42a92b57d1dc1b530084fa89ed442806fcd0a833a36f9b3/grpcio-1.83.1-cp313-cp313-manylinux2014_x86_64.manylinux_2_17_x86_64.whl", hash = "sha256:55656318d5dd387077396dffb929171ca3966e24bfead9a6c5dba9f889062cb4" },
    { url = "https://mirrors.aliyun.com/pypi/packages/08/b0/c00f86614566dd0961825cf0f43d4f96a74371d9d95f952bcbc4b86d9a27/grpcio-1.83.1-cp313-cp313-musllinux_1_2_aarch64.whl", hash = "sha256:9daf5acf4fc9d5f5627229969c2580a91e511779d76e4ccdeb9f4770f05d8bc2" },
    { url = "https://mirrors.aliyun.com/pypi/packages/b1/38/85eff43a5c89dc666a252b5c9f8e9ab03f89e11c95b6263d2933f08fdbe7/grpcio-1.83.1-cp313-cp313-musllinux_1_2_i686.whl", hash = "sha256:7b94174cbca93316888f805efbeb08f1c020f7b7493d2d50cc4f6b64ebb7e8bd" },
    { url = "https://mirrors.aliyun.com/pypi/packages/35/4e/82835483e2f812494be865e7965c0d626cb9e71ab0d83a420d75aea4ad67/grpcio-1.83.1-cp313-cp313-musllinux_1_2_x86_64.whl", hash = "sha256:65c5a7210911ffe0f67b1cdc5308f9854b6d1f1b345e3e49ab7cac1ba50fa346" },
    { url = "https://mirrors.aliyun.com/pypi/packages/b2/b7/68a98bef733fef704fbcfb3957c8dba67e3e38ca7a7fea851195bc97c648/grpcio-1.83.1-cp313-cp313-win32.whl", hash = "sha256:179368d9361854616ce6f397d4716e07480129652752fcbcfc5a7260455ad6f2" },
    { url = "https://mirrors.aliyun.com/pypi/packages/85/a0/df4de3b51d37ac8fb0320bb9668381ce2bd3b7aa990880bfc56a8a26f665/grpcio-1.83.1-cp313-cp313-win_amd64.whl", hash = "sha256:2e57af456385491a76e13c4aada8c8f43a8e47051e06ea97a9dbe2a49654e6db" },
]

[[package]]
name = "grpcio-tools"
version = "1.74.0"
source = { registry = "https://mirrors.aliyun.com/pypi/simple/" }
dependencies = [
    { name = "grpcio" },
    { name = "protobuf" },
    { name = "setuptools" },
]
sdist = { url = "https://mirrors.aliyun.com/pypi/packages/90/c8/bca79cb8c14bb63027831039919c801db9f593c7504c09433934f5dff6a4/grpcio_tools-1.74.0.tar.gz", hash = "sha256:88ab9eb18b6ac1b4872add6b394073bd8d44eee7c32e4dc60a022e25ffaffb95" }
wheels = [
    { url = "https://mirrors.aliyun.com/pypi/packages/5e/9c/08a4018e19c937af14bfa052ad3d7826a1687da984992d31d15139c7c8d3/grpcio_tools-1.74.0-cp312-cp312-linux_armv7l.whl", hash = "sha256:61d84f6050d7170712600f7ee1dac8849f5dc0bfe0044dd71132ee1e7aa2b373" },
    { url = "https://mirrors.aliyun.com/pypi/packages/0a/7b/b2985b1b8aa295d745b2e105c99401ad674fcdc2f5a9c8eb3ec0f57ad397/grpcio_tools-1.74.0-cp312-cp312-macosx_11_0_universal2.whl", hash = "sha256:f0129a62711dbc1f1efd51d069d2ce0631d69e033bf3a046606c623acf935e08" },
    { url = "https://mirrors.aliyun.com/pypi/packages/de/40/de0fe696d50732c8b1f0f9271b05a3082f2a91e77e28d70dd3ffc1e4aaa5/grpcio_tools-1.74.0-cp312-cp312-manylinux_2_17_aarch64.whl", hash = "sha256:5ec661f3bb41f0d2a30125ea382f4d5c874bf4f26d4d8e3839bb7e3b3c037b3e" },
    { url = "https://mirrors.aliyun.com/pypi/packages/a0/6d/949d3b339c3ff3c631168b355ce7be937f10feb894fdabe66c48ebd82394/grpcio_tools-1.74.0-cp312-cp312-manylinux_2_17_i686.manylinux2014_i686.whl", hash = "sha256:7970a9cf3002bec2eff5a449ac7398b77e5d171cbb534c47258c72409d0aea74" },
    { url = "https://mirrors.aliyun.com/pypi/packages/06/6b/f9b2e7b15c147ad6164e9ac7b20ee208435ca3243bcc97feb1ab74dcb902/grpcio_tools-1.74.0-cp312-cp312-manylinux_2_17_x86_64.manylinux2014_x86_64.whl", hash = "sha256:6f56d67b04790f84e216353341c6b298f1aeb591e1797fe955f606516c640936" },
    { url = "https://mirrors.aliyun.com/pypi/packages/bd/de/621dde431314f49668c25b26a12f624c3da8748ac29df9db7d0a2596e575/grpcio_tools-1.74.0-cp312-cp312-musllinux_1_1_aarch64.whl", hash = "sha256:e3d0c33cc984d21525f190cb1af479f8da46370df5f2ced1a4e50769ababd0c0" },
    { url = "https://mirrors.aliyun.com/pypi/packages/40/82/d43c9484174feea5a153371a011e06eabe508b97519a1e9a338b7ebdf43b/grpcio_tools-1.74.0-cp312-cp312-musllinux_1_1_i686.whl", hash = "sha256:88e535c1cf349e57e371529ea9918f811c5eff88161f322bbc06d6222bad6d50" },
    { url = "https://mirrors.aliyun.com/pypi/packages/30/fc/195b90e4571f6c70665a25c7b748e13c2087025660d6d5aead9093f28b18/grpcio_tools-1.74.0-cp312-cp312-musllinux_1_1_x86_64.whl", hash = "sha256:c3cf9401ce72bc49582c2d80e0a2ee0e573e1c3c998c8bc5f739db8845e8e148" },
    { url = "https://mirrors.aliyun.com/pypi/packages/cb/81/fe8980e5fb768090ffc531902ec1b7e5bf1d92108ecf8b7305405b297475/grpcio_tools-1.74.0-cp312-cp312-win32.whl", hash = "sha256:b63e250da44b15c67b9a34c5c30c81059bde528fc8af092d7f43194469f7c719" },
    { url = "https://mirrors.aliyun.com/pypi/packages/63/a9/7b081924d655787d56d2b409f703f0bf457b3dac10a67ad04dc7338e9aae/grpcio_tools-1.74.0-cp312-cp312-win_amd64.whl", hash = "sha256:519d7cae085ae6695a8031bb990bf7766a922332b0a531e51342abc5431b78b5" },
    { url = "https://mirrors.aliyun.com/pypi/packages/2f/65/307a72cf4bfa553a25e284bd1f27b94a53816ac01ddf432c398117b91b2a/grpcio_tools-1.74.0-cp313-cp313-linux_armv7l.whl", hash = "sha256:e2e22460355adbd0f25fdd7ed8b9ae53afb3875b9d5f34cdf1cf12559418245e" },
    { url = "https://mirrors.aliyun.com/pypi/packages/5b/8e/9b2217c15baadc7cfca3eba9f980e147452ca82f41767490f619edea3489/grpcio_tools-1.74.0-cp313-cp313-macosx_11_0_universal2.whl", hash = "sha256:0cab5a2c6ae75b555fee8a1a9a9b575205171e1de392fe2d4139a29e67d8f5bb" },
    { url = "https://mirrors.aliyun.com/pypi/packages/ea/42/a6a158b7e91c0a358cddf3f9088b004c2bfa42d1f96154b9b8eb17e16d73/grpcio_tools-1.74.0-cp313-cp313-manylinux_2_17_aarch64.whl", hash = "sha256:9b18afca48b55832402a716ea4634ef2b68927a8a17ddf4038f51812299255c9" },
    { url = "https://mirrors.aliyun.com/pypi/packages/05/db/d4576a07b2d1211822a070f76a99a9f4f4cb63496a02964ce77c88df8a28/grpcio_tools-1.74.0-cp313-cp313-manylinux_2_17_i686.manylinux2014_i686.whl", hash = "sha256:e85f442a9e89e276bf89a0c9c76ea71647a927d967759333c1fa40300c27f7bd" },
    { url = "https://mirrors.aliyun.com/pypi/packages/77/dc/3713e75751f862d8c84f823ba935d486c0aac0b6f789fa61fbde04ad5019/grpcio_tools-1.74.0-cp313-cp313-manylinux_2_17_x86_64.manylinux2014_x86_64.whl", hash = "sha256:051ce925b0b99ae2daf61b3cba19962b8655cc2a72758ce4081b89272206f5a3" },
    { url = "https://mirrors.aliyun.com/pypi/packages/bd/e4/01f9e8e0401d8e11a70ae8aff6899eb8c16536f69a0a9ffb25873588721c/grpcio_tools-1.74.0-cp313-cp313-musllinux_1_1_aarch64.whl", hash = "sha256:98c7b8eb0de6984cd7fa7335ce3383b3bb9a1559edc238c811df88008d5d3593" },
    { url = "https://mirrors.aliyun.com/pypi/packages/28/c2/264b4e705375a834c9c7462847ae435c0be1644f03a705d3d7464af07bd5/grpcio_tools-1.74.0-cp313-cp313-musllinux_1_1_i686.whl", hash = "sha256:f8f7d17b7573b9a2a6b4183fa4a56a2ab17370c8d0541e1424cf0c9c6f863434" },
    { url = "https://mirrors.aliyun.com/pypi/packages/ee/c0/cc034cec5871a1918e7888e8ce700e06fab5bbb328f998a2f2750cd603b5/grpcio_tools-1.74.0-cp313-cp313-musllinux_1_1_x86_64.whl", hash = "sha256:db08b91ea0cd66dc4b1b929100e7aa84c9c10c51573c8282ec1ba05b41f887ef" },
    { url = "https://mirrors.aliyun.com/pypi/packages/69/55/5792b681af82b3ff1e50ce0ccfbb6d52fc68a13932ed3da57e58d7dfb67b/grpcio_tools-1.74.0-cp313-cp313-win32.whl", hash = "sha256:4b6c5efb331ae9e5f614437f4a5938459a8a5a1ab3dfe133d2bbdeaba39b894d" },
    { url = "https://mirrors.aliyun.com/pypi/packages/94/9f/626f0fe6bfc1c6917785c6a5ee2eb8c07b5a30771e4bf4cff3c1ab5b431b/grpcio_tools-1.74.0-cp313-cp313-win_amd64.whl", hash = "sha256:b8324cd67f61f7900d227b36913ee5f0302ba3ba8777c8bc705afa8174098d28" },
]

[[package]]
name = "iniconfig"
version = "2.3.0"
source = { registry = "https://mirrors.aliyun.com/pypi/simple/" }
sdist = { url = "https://mirrors.aliyun.com/pypi/packages/72/34/14ca021ce8e5dfedc35312d08ba8bf51fdd999c576889fc2c24cb97f4f10/iniconfig-2.3.0.tar.gz", hash = "sha256:c76315c77db068650d49c5b56314774a7804df16fee4402c1f19d6d15d8c4730" }
wheels = [
    { url = "https://mirrors.aliyun.com/pypi/packages/cb/b1/3846dd7f199d53cb17f49cba7e651e9ce294d8497c8c150530ed11865bb8/iniconfig-2.3.0-py3-none-any.whl", hash = "sha256:f631c04d2c48c52b84d0d0549c99ff3859c98df65b3101406327ecc7d53fbf12" },
]

[[package]]
name = "market-protocol"
version = "0.1.0"
source = { virtual = "." }
dependencies = [
    { name = "protobuf" },
]

[package.dev-dependencies]
dev = [
    { name = "grpcio-tools" },
    { name = "pytest" },
]

[package.metadata]
requires-dist = [{ name = "protobuf", specifier = "==6.31.1" }]

[package.metadata.requires-dev]
dev = [
    { name = "grpcio-tools", specifier = "==1.74.0" },
    { name = "pytest", specifier = "==8.4.2" },
]

[[package]]
name = "packaging"
version = "26.3"
source = { registry = "https://mirrors.aliyun.com/pypi/simple/" }
sdist = { url = "https://mirrors.aliyun.com/pypi/packages/7d/fa/3944b40b07da9ce895c0e6303a5ab7d53da063554f534556b134a54d6093/packaging-26.3.tar.gz", hash = "sha256:94edc256424af38762eb31306eed28beb9f0efc50a8837492c9d6fd6004aed79" }
wheels = [
    { url = "https://mirrors.aliyun.com/pypi/packages/63/34/ba1c580383c9eada3711951fef0795c80b829a078d72188184bcab9dd527/packaging-26.3-py3-none-any.whl", hash = "sha256:d7193f7c8e4e93f444fde0262bf90af30e16fa0ad0ad44cb553c87339b23cd1c" },
]

[[package]]
name = "pluggy"
version = "1.6.0"
source = { registry = "https://mirrors.aliyun.com/pypi/simple/" }
sdist = { url = "https://mirrors.aliyun.com/pypi/packages/f9/e2/3e91f31a7d2b083fe6ef3fa267035b518369d9511ffab804f839851d2779/pluggy-1.6.0.tar.gz", hash = "sha256:7dcc130b76258d33b90f61b658791dede3486c3e6bfb003ee5c9bfb396dd22f3" }
wheels = [
    { url = "https://mirrors.aliyun.com/pypi/packages/54/20/4d324d65cc6d9205fabedc306948156824eb9f0ee1633355a8f7ec5c66bf/pluggy-1.6.0-py3-none-any.whl", hash = "sha256:e920276dd6813095e9377c0bc5566d94c932c33b27a3e3945d8389c374dd4746" },
]

[[package]]
name = "protobuf"
version = "6.31.1"
source = { registry = "https://mirrors.aliyun.com/pypi/simple/" }
sdist = { url = "https://mirrors.aliyun.com/pypi/packages/52/f3/b9655a711b32c19720253f6f06326faf90580834e2e83f840472d752bc8b/protobuf-6.31.1.tar.gz", hash = "sha256:d8cac4c982f0b957a4dc73a80e2ea24fab08e679c0de9deb835f4a12d69aca9a" }
wheels = [
    { url = "https://mirrors.aliyun.com/pypi/packages/f3/6f/6ab8e4bf962fd5570d3deaa2d5c38f0a363f57b4501047b5ebeb83ab1125/protobuf-6.31.1-cp310-abi3-win32.whl", hash = "sha256:7fa17d5a29c2e04b7d90e5e32388b8bfd0e7107cd8e616feef7ed3fa6bdab5c9" },
    { url = "https://mirrors.aliyun.com/pypi/packages/44/3a/b15c4347dd4bf3a1b0ee882f384623e2063bb5cf9fa9d57990a4f7df2fb6/protobuf-6.31.1-cp310-abi3-win_amd64.whl", hash = "sha256:426f59d2964864a1a366254fa703b8632dcec0790d8862d30034d8245e1cd447" },
    { url = "https://mirrors.aliyun.com/pypi/packages/6a/c9/b9689a2a250264a84e66c46d8862ba788ee7a641cdca39bccf64f59284b7/protobuf-6.31.1-cp39-abi3-macosx_10_9_universal2.whl", hash = "sha256:6f1227473dc43d44ed644425268eb7c2e488ae245d51c6866d19fe158e207402" },
    { url = "https://mirrors.aliyun.com/pypi/packages/76/a1/7a5a94032c83375e4fe7e7f56e3976ea6ac90c5e85fac8576409e25c39c3/protobuf-6.31.1-cp39-abi3-manylinux2014_aarch64.whl", hash = "sha256:a40fc12b84c154884d7d4c4ebd675d5b3b5283e155f324049ae396b95ddebc39" },
    { url = "https://mirrors.aliyun.com/pypi/packages/fa/b1/b59d405d64d31999244643d88c45c8241c58f17cc887e73bcb90602327f8/protobuf-6.31.1-cp39-abi3-manylinux2014_x86_64.whl", hash = "sha256:4ee898bf66f7a8b0bd21bce523814e6fbd8c6add948045ce958b73af7e8878c6" },
    { url = "https://mirrors.aliyun.com/pypi/packages/f7/af/ab3c51ab7507a7325e98ffe691d9495ee3d3aa5f589afad65ec920d39821/protobuf-6.31.1-py3-none-any.whl", hash = "sha256:720a6c7e6b77288b85063569baae8536671b39f15cc22037ec7045658d80489e" },
]

[[package]]
name = "pygments"
version = "2.21.0"
source = { registry = "https://mirrors.aliyun.com/pypi/simple/" }
sdist = { url = "https://mirrors.aliyun.com/pypi/packages/49/2e/ced460408999b33da6b31b0021b0f37d329e202d4169aeb164493778f25b/pygments-2.21.0.tar.gz", hash = "sha256:610ca751c9bc2492b38eb9a38a7fbc93edbbb2d7182edaf34e66ae493dee5c8c" }
wheels = [
    { url = "https://mirrors.aliyun.com/pypi/packages/71/46/17f022dd3e953bf20a04a028a21ec746d942f8d2af30fa0f124fa0e6a684/pygments-2.21.0-py3-none-any.whl", hash = "sha256:2363c69b61c4a97c838da3b130dcd6468f4848992b21a82f2a63ec34377137d9" },
]

[[package]]
name = "pytest"
version = "8.4.2"
source = { registry = "https://mirrors.aliyun.com/pypi/simple/" }
dependencies = [
    { name = "colorama", marker = "sys_platform == 'win32'" },
    { name = "iniconfig" },
    { name = "packaging" },
    { name = "pluggy" },
    { name = "pygments" },
]
sdist = { url = "https://mirrors.aliyun.com/pypi/packages/a3/5c/00a0e072241553e1a7496d638deababa67c5058571567b92a7eaa258397c/pytest-8.4.2.tar.gz", hash = "sha256:86c0d0b93306b961d58d62a4db4879f27fe25513d4b969df351abdddb3c30e01" }
wheels = [
    { url = "https://mirrors.aliyun.com/pypi/packages/a8/a4/20da314d277121d6534b3a980b29035dcd51e6744bd79075a6ce8fa4eb8d/pytest-8.4.2-py3-none-any.whl", hash = "sha256:872f880de3fc3a5bdc88a11b39c9710c3497a547cfa9320bc3c5e62fbf272e79" },
]

[[package]]
name = "setuptools"
version = "84.0.0"
source = { registry = "https://mirrors.aliyun.com/pypi/simple/" }
sdist = { url = "https://mirrors.aliyun.com/pypi/packages/6d/44/f5da03a8ef95d369145c5bb53050e7877c9f3d312e128605fd9504829143/setuptools-84.0.0.tar.gz", hash = "sha256:f4695c21257f0d9b537ec2692c941d02ee143b7cc1276941349a546573b2ef73" }
wheels = [
    { url = "https://mirrors.aliyun.com/pypi/packages/95/9c/c510029fc6ef33a6275cd2c5d3cecd6613dfd6aa401d57c54f1c18852ccf/setuptools-84.0.0-py3-none-any.whl", hash = "sha256:51a52592b3b99e102b609654876bd65f19f999935166d1352678931132b0c670" },
]

[[package]]
name = "typing-extensions"
version = "4.16.0"
source = { registry = "https://mirrors.aliyun.com/pypi/simple/" }
sdist = { url = "https://mirrors.aliyun.com/pypi/packages/f6/cc/6253133b5bb138fc3306cebfbda2c520f545d36b5be2c7255cc528bb45d6/typing_extensions-4.16.0.tar.gz", hash = "sha256:dc983d19a509c94dba722ee6abd33940f7c05a89e243c47e907eb4db6f1a43e5" }
wheels = [
    { url = "https://mirrors.aliyun.com/pypi/packages/49/d3/b8441a820a491ddfc024b0b0cf0393375b75ea13866d9c66727e54c2fc80/typing_extensions-4.16.0-py3-none-any.whl", hash = "sha256:481caa481374e813c1b176ada14e97f1f67a4539ce9cfeb3f350d78d6370c2e8" },
]
